
Microsoft Visual Studio Solution File, Format Version 12.00
# Visual Studio Version 16
VisualStudioVersion = 16.0.30413.136
MinimumVisualStudioVersion = 10.0.40219.1
Project("{FAE04EC0-301F-11D3-BF4B-00C04F79EFBC}") = "Devestock", "SmartGesture\Devestock.csproj", "{681DEBE1-549A-4E6E-86BB-0D9EC36F9C12}"
EndProject
Global
	GlobalSection(SolutionConfigurationPlatforms) = preSolution
		Debug|Any CPU = Debug|Any CPU
		Release|Any CPU = Release|Any CPU
	EndGlobalSection
	GlobalSection(ProjectConfigurationPlatforms) = postSolution
		{681DEBE1-549A-4E6E-86BB-0D9EC36F9C12}.Debug|Any CPU.ActiveCfg = Debug|Any CPU
		{681DEBE1-549A-4E6E-86BB-0D9EC36F9C12}.Debug|Any CPU.Build.0 = Debug|Any CPU
		{681DEBE1-549A-4E6E-86BB-0D9EC36F9C12}.Release|Any CPU.ActiveCfg = Release|Any CPU
		{681DEBE1-549A-4E6E-86BB-0D9EC36F9C12}.Release|Any CPU.Build.0 = Release|Any CPU
	EndGlobalSection
	GlobalSection(SolutionProperties) = preSolution
		HideSolutionNode = FALSE
	EndGlobalSection
	GlobalSection(ExtensibilityGlobals) = postSolution
		SolutionGuid = {1DA23AF2-4E19-4B0F-90E2-C79D43C33FC0}
	EndGlobalSection
EndGlobal
